
Microsoft Visual Studio Solution File, Format Version 12.00
# Visual Studio Version 17
VisualStudioVersion = 17.1.32421.90
MinimumVisualStudioVersion = 10.0.40219.1
Project("{9A19103F-16F7-4668-BE54-9A1E7A4F7556}") = "ConsoleApp6", "..\ConsoleApp6\ConsoleApp6.csproj", "{0FBC4413-A525-40F9-ADF9-CFE57C92C3F3}"
EndProject
Project("{9A19103F-16F7-4668-BE54-9A1E7A4F7556}") = "Accessor", "Accessor\Accessor.csproj", "{8E7B616E-3669-41DA-9E0B-97CE653C2CF5}"
EndProject
Project("{FAE04EC0-301F-11D3-BF4B-00C04F79EFBC}") = "interns", "interns\interns.csproj", "{76148CD3-699B-4808-8167-E1E3D7430503}"
EndProject
Global
	GlobalSection(SolutionConfigurationPlatforms) = preSolution
		Debug|Any CPU = Debug|Any CPU
		Release|Any CPU = Release|Any CPU
	EndGlobalSection
	GlobalSection(ProjectConfigurationPlatforms) = postSolution
		{0FBC4413-A525-40F9-ADF9-CFE57C92C3F3}.Debug|Any CPU.ActiveCfg = Debug|Any CPU
		{0FBC4413-A525-40F9-ADF9-CFE57C92C3F3}.Debug|Any CPU.Build.0 = Debug|Any CPU
		{0FBC4413-A525-40F9-ADF9-CFE57C92C3F3}.Release|Any CPU.ActiveCfg = Release|Any CPU
		{0FBC4413-A525-40F9-ADF9-CFE57C92C3F3}.Release|Any CPU.Build.0 = Release|Any CPU
		{8E7B616E-3669-41DA-9E0B-97CE653C2CF5}.Debug|Any CPU.ActiveCfg = Debug|Any CPU
		{8E7B616E-3669-41DA-9E0B-97CE653C2CF5}.Debug|Any CPU.Build.0 = Debug|Any CPU
		{8E7B616E-3669-41DA-9E0B-97CE653C2CF5}.Release|Any CPU.ActiveCfg = Release|Any CPU
		{8E7B616E-3669-41DA-9E0B-97CE653C2CF5}.Release|Any CPU.Build.0 = Release|Any CPU
		{76148CD3-699B-4808-8167-E1E3D7430503}.Debug|Any CPU.ActiveCfg = Debug|Any CPU
		{76148CD3-699B-4808-8167-E1E3D7430503}.Debug|Any CPU.Build.0 = Debug|Any CPU
		{76148CD3-699B-4808-8167-E1E3D7430503}.Release|Any CPU.ActiveCfg = Release|Any CPU
		{76148CD3-699B-4808-8167-E1E3D7430503}.Release|Any CPU.Build.0 = Release|Any CPU
	EndGlobalSection
	GlobalSection(SolutionProperties) = preSolution
		HideSolutionNode = FALSE
	EndGlobalSection
	GlobalSection(ExtensibilityGlobals) = postSolution
		SolutionGuid = {59B8E210-9AB5-4B93-B637-BB238366D4E1}
	EndGlobalSection
EndGlobal
